// !$*UTF8*$!
{
	archiveVersion = 1;
	classes = {
	};
	objectVersion = 56;
	objects = {

/* Begin PBXBuildFile section */
		63EBCA3529C9622F00CE603F /* SystemUI_UberApp.swift in Sources */ = {isa = PBXBuildFile; fileRef = 63EBCA3429C9622F00CE603F /* SystemUI_UberApp.swift */; };
		63EBCA3729C9622F00CE603F /* ContentView.swift in Sources */ = {isa = PBXBuildFile; fileRef = 63EBCA3629C9622F00CE603F /* ContentView.swift */; };
		63EBCA3929C9623000CE603F /* Assets.xcassets in Resources */ = {isa = PBXBuildFile; fileRef = 63EBCA3829C9623000CE603F /* Assets.xcassets */; };
		63EBCA3C29C9623000CE603F /* Preview Assets.xcassets in Resources */ = {isa = PBXBuildFile; fileRef = 63EBCA3B29C9623000CE603F /* Preview Assets.xcassets */; };
		63EBCA4629C9623000CE603F /* SystemUI_UberTests.swift in Sources */ = {isa = PBXBuildFile; fileRef = 63EBCA4529C9623000CE603F /* SystemUI_UberTests.swift */; };
		63EBCA5029C9623000CE603F /* SystemUI_UberUITests.swift in Sources */ = {isa = PBXBuildFile; fileRef = 63EBCA4F29C9623000CE603F /* SystemUI_UberUITests.swift */; };
		63EBCA5229C9623000CE603F /* SystemUI_UberUITestsLaunchTests.swift in Sources */ = {isa = PBXBuildFile; fileRef = 63EBCA5129C9623000CE603F /* SystemUI_UberUITestsLaunchTests.swift */; };
		63EBCA5F29C962E900CE603F /* baseEmptyState.swift in Sources */ = {isa = PBXBuildFile; fileRef = 63EBCA5E29C962E900CE603F /* baseEmptyState.swift */; };
/* End PBXBuildFile section */

/* Begin PBXContainerItemProxy section */
		63EBCA4229C9623000CE603F /* PBXContainerItemProxy */ = {
			isa = PBXContainerItemProxy;
			containerPortal = 63EBCA2929C9622F00CE603F /* Project object */;
			proxyType = 1;
			remoteGlobalIDString = 63EBCA3029C9622F00CE603F;
			remoteInfo = "SystemUI-Uber";
		};
		63EBCA4C29C9623000CE603F /* PBXContainerItemProxy */ = {
			isa = PBXContainerItemProxy;
			containerPortal = 63EBCA2929C9622F00CE603F /* Project object */;
			proxyType = 1;
			remoteGlobalIDString = 63EBCA3029C9622F00CE603F;
			remoteInfo = "SystemUI-Uber";
		};
/* End PBXContainerItemProxy section */

/* Begin PBXFileReference section */
		63EBCA3129C9622F00CE603F /* SystemUI-Uber.app */ = {isa = PBXFileReference; explicitFileType = wrapper.application; includeInIndex = 0; path = "SystemUI-Uber.app"; sourceTree = BUILT_PRODUCTS_DIR; };
		63EBCA3429C9622F00CE603F /* SystemUI_UberApp.swift */ = {isa = PBXFileReference; lastKnownFileType = sourcecode.swift; path = SystemUI_UberApp.swift; sourceTree = "<group>"; };
		63EBCA3629C9622F00CE603F /* ContentView.swift */ = {isa = PBXFileReference; lastKnownFileType = sourcecode.swift; path = ContentView.swift; sourceTree = "<group>"; };
		63EBCA3829C9623000CE603F /* Assets.xcassets */ = {isa = PBXFileReference; lastKnownFileType = folder.assetcatalog; path = Assets.xcassets; sourceTree = "<group>"; };
		63EBCA3B29C9623000CE603F /* Preview Assets.xcassets */ = {isa = PBXFileReference; lastKnownFileType = folder.assetcatalog; path = "Preview Assets.xcassets"; sourceTree = "<group>"; };
		63EBCA4129C9623000CE603F /* SystemUI-UberTests.xctest */ = {isa = PBXFileReference; explicitFileType = wrapper.cfbundle; includeInIndex = 0; path = "SystemUI-UberTests.xctest"; sourceTree = BUILT_PRODUCTS_DIR; };
		63EBCA4529C9623000CE603F /* SystemUI_UberTests.swift */ = {isa = PBXFileReference; lastKnownFileType = sourcecode.swift; path = SystemUI_UberTests.swift; sourceTree = "<group>"; };
		63EBCA4B29C9623000CE603F /* SystemUI-UberUITests.xctest */ = {isa = PBXFileReference; explicitFileType = wrapper.cfbundle; includeInIndex = 0; path = "SystemUI-UberUITests.xctest"; sourceTree = BUILT_PRODUCTS_DIR; };
		63EBCA4F29C9623000CE603F /* SystemUI_UberUITests.swift */ = {isa = PBXFileReference; lastKnownFileType = sourcecode.swift; path = SystemUI_UberUITests.swift; sourceTree = "<group>"; };
		63EBCA5129C9623000CE603F /* SystemUI_UberUITestsLaunchTests.swift */ = {isa = PBXFileReference; lastKnownFileType = sourcecode.swift; path = SystemUI_UberUITestsLaunchTests.swift; sourceTree = "<group>"; };
		63EBCA5E29C962E900CE603F /* baseEmptyState.swift */ = {isa = PBXFileReference; lastKnownFileType = sourcecode.swift; path = baseEmptyState.swift; sourceTree = "<group>"; };
/* End PBXFileReference section */

/* Begin PBXFrameworksBuildPhase section */
		63EBCA2E29C9622F00CE603F /* Frameworks */ = {
			isa = PBXFrameworksBuildPhase;
			buildActionMask = 2147483647;
			files = (
			);
			runOnlyForDeploymentPostprocessing = 0;
		};
		63EBCA3E29C9623000CE603F /* Frameworks */ = {
			isa = PBXFrameworksBuildPhase;
			buildActionMask = 2147483647;
			files = (
			);
			runOnlyForDeploymentPostprocessing = 0;
		};
		63EBCA4829C9623000CE603F /* Frameworks */ = {
			isa = PBXFrameworksBuildPhase;
			buildActionMask = 2147483647;
			files = (
			);
			runOnlyForDeploymentPostprocessing = 0;
		};
/* End PBXFrameworksBuildPhase section */

/* Begin PBXGroup section */
		63EBCA2829C9622F00CE603F = {
			isa = PBXGroup;
			children = (
				63EBCA3329C9622F00CE603F /* SystemUI-Uber */,
				63EBCA4429C9623000CE603F /* SystemUI-UberTests */,
				63EBCA4E29C9623000CE603F /* SystemUI-UberUITests */,
				63EBCA3229C9622F00CE603F /* Products */,
			);
			sourceTree = "<group>";
		};
		63EBCA3229C9622F00CE603F /* Products */ = {
			isa = PBXGroup;
			children = (
				63EBCA3129C9622F00CE603F /* SystemUI-Uber.app */,
				63EBCA4129C9623000CE603F /* SystemUI-UberTests.xctest */,
				63EBCA4B29C9623000CE603F /* SystemUI-UberUITests.xctest */,
			);
			name = Products;
			sourceTree = "<group>";
		};
		63EBCA3329C9622F00CE603F /* SystemUI-Uber */ = {
			isa = PBXGroup;
			children = (
				63EBCA3429C9622F00CE603F /* SystemUI_UberApp.swift */,
				63EBCA3629C9622F00CE603F /* ContentView.swift */,
				63EBCA5E29C962E900CE603F /* baseEmptyState.swift */,
				63EBCA3829C9623000CE603F /* Assets.xcassets */,
				63EBCA3A29C9623000CE603F /* Preview Content */,
			);
			path = "SystemUI-Uber";
			sourceTree = "<group>";
		};
		63EBCA3A29C9623000CE603F /* Preview Content */ = {
			isa = PBXGroup;
			children = (
				63EBCA3B29C9623000CE603F /* Preview Assets.xcassets */,
			);
			path = "Preview Content";
			sourceTree = "<group>";
		};
		63EBCA4429C9623000CE603F /* SystemUI-UberTests */ = {
			isa = PBXGroup;
			children = (
				63EBCA4529C9623000CE603F /* SystemUI_UberTests.swift */,
			);
			path = "SystemUI-UberTests";
			sourceTree = "<group>";
		};
		63EBCA4E29C9623000CE603F /* SystemUI-UberUITests */ = {
			isa = PBXGroup;
			children = (
				63EBCA4F29C9623000CE603F /* SystemUI_UberUITests.swift */,
				63EBCA5129C9623000CE603F /* SystemUI_UberUITestsLaunchTests.swift */,
			);
			path = "SystemUI-UberUITests";
			sourceTree = "<group>";
		};
/* End PBXGroup section */

/* Begin PBXNativeTarget section */
		63EBCA3029C9622F00CE603F /* SystemUI-Uber */ = {
			isa = PBXNativeTarget;
			buildConfigurationList = 63EBCA5529C9623000CE603F /* Build configuration list for PBXNativeTarget "SystemUI-Uber" */;
			buildPhases = (
				63EBCA2D29C9622F00CE603F /* Sources */,
				63EBCA2E29C9622F00CE603F /* Frameworks */,
				63EBCA2F29C9622F00CE603F /* Resources */,
			);
			buildRules = (
			);
			dependencies = (
			);
			name = "SystemUI-Uber";
			productName = "SystemUI-Uber";
			productReference = 63EBCA3129C9622F00CE603F /* SystemUI-Uber.app */;
			productType = "com.apple.product-type.application";
		};
		63EBCA4029C9623000CE603F /* SystemUI-UberTests */ = {
			isa = PBXNativeTarget;
			buildConfigurationList = 63EBCA5829C9623000CE603F /* Build configuration list for PBXNativeTarget "SystemUI-UberTests" */;
			buildPhases = (
				63EBCA3D29C9623000CE603F /* Sources */,
				63EBCA3E29C9623000CE603F /* Frameworks */,
				63EBCA3F29C9623000CE603F /* Resources */,
			);
			buildRules = (
			);
			dependencies = (
				63EBCA4329C9623000CE603F /* PBXTargetDependency */,
			);
			name = "SystemUI-UberTests";
			productName = "SystemUI-UberTests";
			productReference = 63EBCA4129C9623000CE603F /* SystemUI-UberTests.xctest */;
			productType = "com.apple.product-type.bundle.unit-test";
		};
		63EBCA4A29C9623000CE603F /* SystemUI-UberUITests */ = {
			isa = PBXNativeTarget;
			buildConfigurationList = 63EBCA5B29C9623000CE603F /* Build configuration list for PBXNativeTarget "SystemUI-UberUITests" */;
			buildPhases = (
				63EBCA4729C9623000CE603F /* Sources */,
				63EBCA4829C9623000CE603F /* Frameworks */,
				63EBCA4929C9623000CE603F /* Resources */,
			);
			buildRules = (
			);
			dependencies = (
				63EBCA4D29C9623000CE603F /* PBXTargetDependency */,
			);
			name = "SystemUI-UberUITests";
			productName = "SystemUI-UberUITests";
			productReference = 63EBCA4B29C9623000CE603F /* SystemUI-UberUITests.xctest */;
			productType = "com.apple.product-type.bundle.ui-testing";
		};
/* End PBXNativeTarget section */

/* Begin PBXProject section */
		63EBCA2929C9622F00CE603F /* Project object */ = {
			isa = PBXProject;
			attributes = {
				BuildIndependentTargetsInParallel = 1;
				LastSwiftUpdateCheck = 1420;
				LastUpgradeCheck = 1420;
				TargetAttributes = {
					63EBCA3029C9622F00CE603F = {
						CreatedOnToolsVersion = 14.2;
					};
					63EBCA4029C9623000CE603F = {
						CreatedOnToolsVersion = 14.2;
						TestTargetID = 63EBCA3029C9622F00CE603F;
					};
					63EBCA4A29C9623000CE603F = {
						CreatedOnToolsVersion = 14.2;
						TestTargetID = 63EBCA3029C9622F00CE603F;
					};
				};
			};
			buildConfigurationList = 63EBCA2C29C9622F00CE603F /* Build configuration list for PBXProject "SystemUI-Uber" */;
			compatibilityVersion = "Xcode 14.0";
			developmentRegion = en;
			hasScannedForEncodings = 0;
			knownRegions = (
				en,
				Base,
			);
			mainGroup = 63EBCA2829C9622F00CE603F;
			productRefGroup = 63EBCA3229C9622F00CE603F /* Products */;
			projectDirPath = "";
			projectRoot = "";
			targets = (
				63EBCA3029C9622F00CE603F /* SystemUI-Uber */,
				63EBCA4029C9623000CE603F /* SystemUI-UberTests */,
				63EBCA4A29C9623000CE603F /* SystemUI-UberUITests */,
			);
		};
/* End PBXProject section */

/* Begin PBXResourcesBuildPhase section */
		63EBCA2F29C9622F00CE603F /* Resources */ = {
			isa = PBXResourcesBuildPhase;
			buildActionMask = 2147483647;
			files = (
				63EBCA3C29C9623000CE603F /* Preview Assets.xcassets in Resources */,
				63EBCA3929C9623000CE603F /* Assets.xcassets in Resources */,
			);
			runOnlyForDeploymentPostprocessing = 0;
		};
		63EBCA3F29C9623000CE603F /* Resources */ = {
			isa = PBXResourcesBuildPhase;
			buildActionMask = 2147483647;
			files = (
			);
			runOnlyForDeploymentPostprocessing = 0;
		};
		63EBCA4929C9623000CE603F /* Resources */ = {
			isa = PBXResourcesBuildPhase;
			buildActionMask = 2147483647;
			files = (
			);
			runOnlyForDeploymentPostprocessing = 0;
		};
/* End PBXResourcesBuildPhase section */

/* Begin PBXSourcesBuildPhase section */
		63EBCA2D29C9622F00CE603F /* Sources */ = {
			isa = PBXSourcesBuildPhase;
			buildActionMask = 2147483647;
			files = (
				63EBCA3729C9622F00CE603F /* ContentView.swift in Sources */,
				63EBCA3529C9622F00CE603F /* SystemUI_UberApp.swift in Sources */,
				63EBCA5F29C962E900CE603F /* baseEmptyState.swift in Sources */,
			);
			runOnlyForDeploymentPostprocessing = 0;
		};
		63EBCA3D29C9623000CE603F /* Sources */ = {
			isa = PBXSourcesBuildPhase;
			buildActionMask = 2147483647;
			files = (
				63EBCA4629C9623000CE603F /* SystemUI_UberTests.swift in Sources */,
			);
			runOnlyForDeploymentPostprocessing = 0;
		};
		63EBCA4729C9623000CE603F /* Sources */ = {
			isa = PBXSourcesBuildPhase;
			buildActionMask = 2147483647;
			files = (
				63EBCA5029C9623000CE603F /* SystemUI_UberUITests.swift in Sources */,
				63EBCA5229C9623000CE603F /* SystemUI_UberUITestsLaunchTests.swift in Sources */,
			);
			runOnlyForDeploymentPostprocessing = 0;
		};
/* End PBXSourcesBuildPhase section */

/* Begin PBXTargetDependency section */
		63EBCA4329C9623000CE603F /* PBXTargetDependency */ = {
			isa = PBXTargetDependency;
			target = 63EBCA3029C9622F00CE603F /* SystemUI-Uber */;
			targetProxy = 63EBCA4229C9623000CE603F /* PBXContainerItemProxy */;
		};
		63EBCA4D29C9623000CE603F /* PBXTargetDependency */ = {
			isa = PBXTargetDependency;
			target = 63EBCA3029C9622F00CE603F /* SystemUI-Uber */;
			targetProxy = 63EBCA4C29C9623000CE603F /* PBXContainerItemProxy */;
		};
/* End PBXTargetDependency section */

/* Begin XCBuildConfiguration section */
		63EBCA5329C9623000CE603F /* Debug */ = {
			isa = XCBuildConfiguration;
			buildSettings = {
				ALWAYS_SEARCH_USER_PATHS = NO;
				CLANG_ANALYZER_NONNULL = YES;
				CLANG_ANALYZER_NUMBER_OBJECT_CONVERSION = YES_AGGRESSIVE;
				CLANG_CXX_LANGUAGE_STANDARD = "gnu++20";
				CLANG_ENABLE_MODULES = YES;
				CLANG_ENABLE_OBJC_ARC = YES;
				CLANG_ENABLE_OBJC_WEAK = YES;
				CLANG_WARN_BLOCK_CAPTURE_AUTORELEASING = YES;
				CLANG_WARN_BOOL_CONVERSION = YES;
				CLANG_WARN_COMMA = YES;
				CLANG_WARN_CONSTANT_CONVERSION = YES;
				CLANG_WARN_DEPRECATED_OBJC_IMPLEMENTATIONS = YES;
				CLANG_WARN_DIRECT_OBJC_ISA_USAGE = YES_ERROR;
				CLANG_WARN_DOCUMENTATION_COMMENTS = YES;
				CLANG_WARN_EMPTY_BODY = YES;
				CLANG_WARN_ENUM_CONVERSION = YES;
				CLANG_WARN_INFINITE_RECURSION = YES;
				CLANG_WARN_INT_CONVERSION = YES;
				CLANG_WARN_NON_LITERAL_NULL_CONVERSION = YES;
				CLANG_WARN_OBJC_IMPLICIT_RETAIN_SELF = YES;
				CLANG_WARN_OBJC_LITERAL_CONVERSION = YES;
				CLANG_WARN_OBJC_ROOT_CLASS = YES_ERROR;
				CLANG_WARN_QUOTED_INCLUDE_IN_FRAMEWORK_HEADER = YES;
				CLANG_WARN_RANGE_LOOP_ANALYSIS = YES;
				CLANG_WARN_STRICT_PROTOTYPES = YES;
				CLANG_WARN_SUSPICIOUS_MOVE = YES;
				CLANG_WARN_UNGUARDED_AVAILABILITY = YES_AGGRESSIVE;
				CLANG_WARN_UNREACHABLE_CODE = YES;
				CLANG_WARN__DUPLICATE_METHOD_MATCH = YES;
				COPY_PHASE_STRIP = NO;
				DEBUG_INFORMATION_FORMAT = dwarf;
				ENABLE_STRICT_OBJC_MSGSEND = YES;
				ENABLE_TESTABILITY = YES;
				GCC_C_LANGUAGE_STANDARD = gnu11;
				GCC_DYNAMIC_NO_PIC = NO;
				GCC_NO_COMMON_BLOCKS = YES;
				GCC_OPTIMIZATION_LEVEL = 0;
				GCC_PREPROCESSOR_DEFINITIONS = (
					"DEBUG=1",
					"$(inherited)",
				);
				GCC_WARN_64_TO_32_BIT_CONVERSION = YES;
				GCC_WARN_ABOUT_RETURN_TYPE = YES_ERROR;
				GCC_WARN_UNDECLARED_SELECTOR = YES;
				GCC_WARN_UNINITIALIZED_AUTOS = YES_AGGRESSIVE;
				GCC_WARN_UNUSED_FUNCTION = YES;
				GCC_WARN_UNUSED_VARIABLE = YES;
				IPHONEOS_DEPLOYMENT_TARGET = 16.2;
				MTL_ENABLE_DEBUG_INFO = INCLUDE_SOURCE;
				MTL_FAST_MATH = YES;
				ONLY_ACTIVE_ARCH = YES;
				SDKROOT = iphoneos;
				SWIFT_ACTIVE_COMPILATION_CONDITIONS = DEBUG;
				SWIFT_OPTIMIZATION_LEVEL = "-Onone";
			};
			name = Debug;
		};
		63EBCA5429C9623000CE603F /* Release */ = {
			isa = XCBuildConfiguration;
			buildSettings = {
				ALWAYS_SEARCH_USER_PATHS = NO;
				CLANG_ANALYZER_NONNULL = YES;
				CLANG_ANALYZER_NUMBER_OBJECT_CONVERSION = YES_AGGRESSIVE;
				CLANG_CXX_LANGUAGE_STANDARD = "gnu++20";
				CLANG_ENABLE_MODULES = YES;
				CLANG_ENABLE_OBJC_ARC = YES;
				CLANG_ENABLE_OBJC_WEAK = YES;
				CLANG_WARN_BLOCK_CAPTURE_AUTORELEASING = YES;
				CLANG_WARN_BOOL_CONVERSION = YES;
				CLANG_WARN_COMMA = YES;
				CLANG_WARN_CONSTANT_CONVERSION = YES;
				CLANG_WARN_DEPRECATED_OBJC_IMPLEMENTATIONS = YES;
				CLANG_WARN_DIRECT_OBJC_ISA_USAGE = YES_ERROR;
				CLANG_WARN_DOCUMENTATION_COMMENTS = YES;
				CLANG_WARN_EMPTY_BODY = YES;
				CLANG_WARN_ENUM_CONVERSION = YES;
				CLANG_WARN_INFINITE_RECURSION = YES;
				CLANG_WARN_INT_CONVERSION = YES;
				CLANG_WARN_NON_LITERAL_NULL_CONVERSION = YES;
				CLANG_WARN_OBJC_IMPLICIT_RETAIN_SELF = YES;
				CLANG_WARN_OBJC_LITERAL_CONVERSION = YES;
				CLANG_WARN_OBJC_ROOT_CLASS = YES_ERROR;
				CLANG_WARN_QUOTED_INCLUDE_IN_FRAMEWORK_HEADER = YES;
				CLANG_WARN_RANGE_LOOP_ANALYSIS = YES;
				CLANG_WARN_STRICT_PROTOTYPES = YES;
				CLANG_WARN_SUSPICIOUS_MOVE = YES;
				CLANG_WARN_UNGUARDED_AVAILABILITY = YES_AGGRESSIVE;
				CLANG_WARN_UNREACHABLE_CODE = YES;
				CLANG_WARN__DUPLICATE_METHOD_MATCH = YES;
				COPY_PHASE_STRIP = NO;
				DEBUG_INFORMATION_FORMAT = "dwarf-with-dsym";
				ENABLE_NS_ASSERTIONS = NO;
				ENABLE_STRICT_OBJC_MSGSEND = YES;
				GCC_C_LANGUAGE_STANDARD = gnu11;
				GCC_NO_COMMON_BLOCKS = YES;
				GCC_WARN_64_TO_32_BIT_CONVERSION = YES;
				GCC_WARN_ABOUT_RETURN_TYPE = YES_ERROR;
				GCC_WARN_UNDECLARED_SELECTOR = YES;
				GCC_WARN_UNINITIALIZED_AUTOS = YES_AGGRESSIVE;
				GCC_WARN_UNUSED_FUNCTION = YES;
				GCC_WARN_UNUSED_VARIABLE = YES;
				IPHONEOS_DEPLOYMENT_TARGET = 16.2;
				MTL_ENABLE_DEBUG_INFO = NO;
				MTL_FAST_MATH = YES;
				SDKROOT = iphoneos;
				SWIFT_COMPILATION_MODE = wholemodule;
				SWIFT_OPTIMIZATION_LEVEL = "-O";
				VALIDATE_PRODUCT = YES;
			};
			name = Release;
		};
		63EBCA5629C9623000CE603F /* Debug */ = {
			isa = XCBuildConfiguration;
			buildSettings = {
				ASSETCATALOG_COMPILER_APPICON_NAME = AppIcon;
				ASSETCATALOG_COMPILER_GLOBAL_ACCENT_COLOR_NAME = AccentColor;
				CODE_SIGN_STYLE = Automatic;
				CURRENT_PROJECT_VERSION = 1;
				DEVELOPMENT_ASSET_PATHS = "\"SystemUI-Uber/Preview Content\"";
				DEVELOPMENT_TEAM = D293L9K9G8;
				ENABLE_PREVIEWS = YES;
				GENERATE_INFOPLIST_FILE = YES;
				INFOPLIST_KEY_UIApplicationSceneManifest_Generation = YES;
				INFOPLIST_KEY_UIApplicationSupportsIndirectInputEvents = YES;
				INFOPLIST_KEY_UILaunchScreen_Generation = YES;
				INFOPLIST_KEY_UISupportedInterfaceOrientations_iPad = "UIInterfaceOrientationPortrait UIInterfaceOrientationPortraitUpsideDown UIInterfaceOrientationLandscapeLeft UIInterfaceOrientationLandscapeRight";
				INFOPLIST_KEY_UISupportedInterfaceOrientations_iPhone = "UIInterfaceOrientationPortrait UIInterfaceOrientationLandscapeLeft UIInterfaceOrientationLandscapeRight";
				LD_RUNPATH_SEARCH_PATHS = (
					"$(inherited)",
					"@executable_path/Frameworks",
				);
				MARKETING_VERSION = 1.0;
				PRODUCT_BUNDLE_IDENTIFIER = "clbhll.SystemUI-Uber";
				PRODUCT_NAME = "$(TARGET_NAME)";
				SWIFT_EMIT_LOC_STRINGS = YES;
				SWIFT_VERSION = 5.0;
				TARGETED_DEVICE_FAMILY = "1,2";
			};
			name = Debug;
		};
		63EBCA5729C9623000CE603F /* Release */ = {
			isa = XCBuildConfiguration;
			buildSettings = {
				ASSETCATALOG_COMPILER_APPICON_NAME = AppIcon;
				ASSETCATALOG_COMPILER_GLOBAL_ACCENT_COLOR_NAME = AccentColor;
				CODE_SIGN_STYLE = Automatic;
				CURRENT_PROJECT_VERSION = 1;
				DEVELOPMENT_ASSET_PATHS = "\"SystemUI-Uber/Preview Content\"";
				DEVELOPMENT_TEAM = D293L9K9G8;
				ENABLE_PREVIEWS = YES;
				GENERATE_INFOPLIST_FILE = YES;
				INFOPLIST_KEY_UIApplicationSceneManifest_Generation = YES;
				INFOPLIST_KEY_UIApplicationSupportsIndirectInputEvents = YES;
				INFOPLIST_KEY_UILaunchScreen_Generation = YES;
				INFOPLIST_KEY_UISupportedInterfaceOrientations_iPad = "UIInterfaceOrientationPortrait UIInterfaceOrientationPortraitUpsideDown UIInterfaceOrientationLandscapeLeft UIInterfaceOrientationLandscapeRight";
				INFOPLIST_KEY_UISupportedInterfaceOrientations_iPhone = "UIInterfaceOrientationPortrait UIInterfaceOrientationLandscapeLeft UIInterfaceOrientationLandscapeRight";
				LD_RUNPATH_SEARCH_PATHS = (
					"$(inherited)",
					"@executable_path/Frameworks",
				);
				MARKETING_VERSION = 1.0;
				PRODUCT_BUNDLE_IDENTIFIER = "clbhll.SystemUI-Uber";
				PRODUCT_NAME = "$(TARGET_NAME)";
				SWIFT_EMIT_LOC_STRINGS = YES;
				SWIFT_VERSION = 5.0;
				TARGETED_DEVICE_FAMILY = "1,2";
			};
			name = Release;
		};
		63EBCA5929C9623000CE603F /* Debug */ = {
			isa = XCBuildConfiguration;
			buildSettings = {
				ALWAYS_EMBED_SWIFT_STANDARD_LIBRARIES = YES;
				BUNDLE_LOADER = "$(TEST_HOST)";
				CODE_SIGN_STYLE = Automatic;
				CURRENT_PROJECT_VERSION = 1;
				DEVELOPMENT_TEAM = D293L9K9G8;
				GENERATE_INFOPLIST_FILE = YES;
				IPHONEOS_DEPLOYMENT_TARGET = 16.2;
				MARKETING_VERSION = 1.0;
				PRODUCT_BUNDLE_IDENTIFIER = "clbhll.SystemUI-UberTests";
				PRODUCT_NAME = "$(TARGET_NAME)";
				SWIFT_EMIT_LOC_STRINGS = NO;
				SWIFT_VERSION = 5.0;
				TARGETED_DEVICE_FAMILY = "1,2";
				TEST_HOST = "$(BUILT_PRODUCTS_DIR)/SystemUI-Uber.app/$(BUNDLE_EXECUTABLE_FOLDER_PATH)/SystemUI-Uber";
			};
			name = Debug;
		};
		63EBCA5A29C9623000CE603F /* Release */ = {
			isa = XCBuildConfiguration;
			buildSettings = {
				ALWAYS_EMBED_SWIFT_STANDARD_LIBRARIES = YES;
				BUNDLE_LOADER = "$(TEST_HOST)";
				CODE_SIGN_STYLE = Automatic;
				CURRENT_PROJECT_VERSION = 1;
				DEVELOPMENT_TEAM = D293L9K9G8;
				GENERATE_INFOPLIST_FILE = YES;
				IPHONEOS_DEPLOYMENT_TARGET = 16.2;
				MARKETING_VERSION = 1.0;
				PRODUCT_BUNDLE_IDENTIFIER = "clbhll.SystemUI-UberTests";
				PRODUCT_NAME = "$(TARGET_NAME)";
				SWIFT_EMIT_LOC_STRINGS = NO;
				SWIFT_VERSION = 5.0;
				TARGETED_DEVICE_FAMILY = "1,2";
				TEST_HOST = "$(BUILT_PRODUCTS_DIR)/SystemUI-Uber.app/$(BUNDLE_EXECUTABLE_FOLDER_PATH)/SystemUI-Uber";
			};
			name = Release;
		};
		63EBCA5C29C9623000CE603F /* Debug */ = {
			isa = XCBuildConfiguration;
			buildSettings = {
				ALWAYS_EMBED_SWIFT_STANDARD_LIBRARIES = YES;
				CODE_SIGN_STYLE = Automatic;
				CURRENT_PROJECT_VERSION = 1;
				DEVELOPMENT_TEAM = D293L9K9G8;
				GENERATE_INFOPLIST_FILE = YES;
				MARKETING_VERSION = 1.0;
				PRODUCT_BUNDLE_IDENTIFIER = "clbhll.SystemUI-UberUITests";
				PRODUCT_NAME = "$(TARGET_NAME)";
				SWIFT_EMIT_LOC_STRINGS = NO;
				SWIFT_VERSION = 5.0;
				TARGETED_DEVICE_FAMILY = "1,2";
				TEST_TARGET_NAME = "SystemUI-Uber";
			};
			name = Debug;
		};
		63EBCA5D29C9623000CE603F /* Release */ = {
			isa = XCBuildConfiguration;
			buildSettings = {
				ALWAYS_EMBED_SWIFT_STANDARD_LIBRARIES = YES;
				CODE_SIGN_STYLE = Automatic;
				CURRENT_PROJECT_VERSION = 1;
				DEVELOPMENT_TEAM = D293L9K9G8;
				GENERATE_INFOPLIST_FILE = YES;
				MARKETING_VERSION = 1.0;
				PRODUCT_BUNDLE_IDENTIFIER = "clbhll.SystemUI-UberUITests";
				PRODUCT_NAME = "$(TARGET_NAME)";
				SWIFT_EMIT_LOC_STRINGS = NO;
				SWIFT_VERSION = 5.0;
				TARGETED_DEVICE_FAMILY = "1,2";
				TEST_TARGET_NAME = "SystemUI-Uber";
			};
			name = Release;
		};
/* End XCBuildConfiguration section */

/* Begin XCConfigurationList section */
		63EBCA2C29C9622F00CE603F /* Build configuration list for PBXProject "SystemUI-Uber" */ = {
			isa = XCConfigurationList;
			buildConfigurations = (
				63EBCA5329C9623000CE603F /* Debug */,
				63EBCA5429C9623000CE603F /* Release */,
			);
			defaultConfigurationIsVisible = 0;
			defaultConfigurationName = Release;
		};
		63EBCA5529C9623000CE603F /* Build configuration list for PBXNativeTarget "SystemUI-Uber" */ = {
			isa = XCConfigurationList;
			buildConfigurations = (
				63EBCA5629C9623000CE603F /* Debug */,
				63EBCA5729C9623000CE603F /* Release */,
			);
			defaultConfigurationIsVisible = 0;
			defaultConfigurationName = Release;
		};
		63EBCA5829C9623000CE603F /* Build configuration list for PBXNativeTarget "SystemUI-UberTests" */ = {
			isa = XCConfigurationList;
			buildConfigurations = (
				63EBCA5929C9623000CE603F /* Debug */,
				63EBCA5A29C9623000CE603F /* Release */,
			);
			defaultConfigurationIsVisible = 0;
			defaultConfigurationName = Release;
		};
		63EBCA5B29C9623000CE603F /* Build configuration list for PBXNativeTarget "SystemUI-UberUITests" */ = {
			isa = XCConfigurationList;
			buildConfigurations = (
				63EBCA5C29C9623000CE603F /* Debug */,
				63EBCA5D29C9623000CE603F /* Release */,
			);
			defaultConfigurationIsVisible = 0;
			defaultConfigurationName = Release;
		};
/* End XCConfigurationList section */
	};
	rootObject = 63EBCA2929C9622F00CE603F /* Project object */;
}
